<?xml version="1.0" encoding="utf-8"?>
<Project ToolsVersion="4.0" xmlns="http://schemas.microsoft.com/developer/msbuild/2003">
  <ItemGroup>
    <Filter Include="소스 파일">
      <UniqueIdentifier>{4FC737F1-C7A5-4376-A066-2A32D752A2FF}</UniqueIdentifier>
      <Extensions>cpp;c;cc;cxx;c++;cppm;ixx;def;odl;idl;hpj;bat;asm;asmx</Extensions>
    </Filter>
    <Filter Include="헤더 파일">
      <UniqueIdentifier>{93995380-89BD-4b04-88EB-625FBE52EBFB}</UniqueIdentifier>
      <Extensions>h;hh;hpp;hxx;h++;hm;inl;inc;ipp;xsd</Extensions>
    </Filter>
    <Filter Include="리소스 파일">
      <UniqueIdentifier>{67DA6AB6-F800-4c08-8B7A-83BB121AAD01}</UniqueIdentifier>
      <Extensions>rc;ico;cur;bmp;dlg;rc2;rct;bin;rgs;gif;jpg;jpeg;jpe;resx;tiff;tif;png;wav;mfcribbon-ms</Extensions>
    </Filter>
    <Filter Include="Utiliry">
      <UniqueIdentifier>{ad83ad20-9a32-4a9a-b6d0-1856261f3a63}</UniqueIdentifier>
    </Filter>
    <Filter Include="PCH">
      <UniqueIdentifier>{98aaad53-9218-4124-bbc4-781020721044}</UniqueIdentifier>
    </Filter>
    <Filter Include="Utiliry\헤더 파일">
      <UniqueIdentifier>{2af47c99-4a53-4981-a929-4358b3050a8d}</UniqueIdentifier>
    </Filter>
    <Filter Include="Utiliry\소스 파일">
      <UniqueIdentifier>{8dd826a1-e48f-4d12-91b0-ddf8aab7b108}</UniqueIdentifier>
    </Filter>
    <Filter Include="SWPacket">
      <UniqueIdentifier>{74698d75-9804-4949-8f82-14715d4c566e}</UniqueIdentifier>
    </Filter>
    <Filter Include="SWPacket\헤더 파일">
      <UniqueIdentifier>{23193675-e0df-4c9d-a68c-32430a0eb29d}</UniqueIdentifier>
    </Filter>
    <Filter Include="SWPacket\소스 파일">
      <UniqueIdentifier>{effd8eb3-6812-4d39-8eb2-dd10e4eccb3c}</UniqueIdentifier>
    </Filter>
    <Filter Include="SWPacket\Packet">
      <UniqueIdentifier>{53757cd3-4ef9-4ed2-b1e6-0474e6a25bf8}</UniqueIdentifier>
    </Filter>
    <Filter Include="PacketCapture">
      <UniqueIdentifier>{8f52f91d-3646-4373-a9b2-ff5407e77710}</UniqueIdentifier>
    </Filter>
    <Filter Include="PacketCapture\Windivert">
      <UniqueIdentifier>{cc45cd86-4bc0-4752-9144-ca54c3369ea4}</UniqueIdentifier>
    </Filter>
    <Filter Include="UI">
      <UniqueIdentifier>{186890fb-9fce-434d-982a-2949c5a2fb52}</UniqueIdentifier>
    </Filter>
    <Filter Include="UI\DirectX11">
      <UniqueIdentifier>{eb5d51d8-5912-4a3c-9390-8a15042a270f}</UniqueIdentifier>
    </Filter>
    <Filter Include="UI\ImGui">
      <UniqueIdentifier>{d2aad894-675e-4085-a9ec-99fc7061c6ca}</UniqueIdentifier>
    </Filter>
    <Filter Include="tinyxml2">
      <UniqueIdentifier>{2aa49e1b-8330-47f5-8606-ecf267edb5d9}</UniqueIdentifier>
    </Filter>
    <Filter Include="UI\Window">
      <UniqueIdentifier>{c7cfdb79-64a1-4829-b1e7-8e656121d92c}</UniqueIdentifier>
    </Filter>
    <Filter Include="UI\Window\UI">
      <UniqueIdentifier>{d1da892c-51f8-4ffd-af79-67efd73c9dad}</UniqueIdentifier>
    </Filter>
    <Filter Include="Language">
      <UniqueIdentifier>{df5bc8c9-605f-4439-9c65-8c00881c0be5}</UniqueIdentifier>
    </Filter>
    <Filter Include="SWPacket\Packet\0x01">
      <UniqueIdentifier>{acc914fa-3a4f-422f-87c9-8cd9ecc56207}</UniqueIdentifier>
    </Filter>
    <Filter Include="SWPacket\Packet\0x03">
      <UniqueIdentifier>{c930489b-5eba-48d0-96b8-d63818576279}</UniqueIdentifier>
    </Filter>
    <Filter Include="SWPacket\Packet\0x04 World">
      <UniqueIdentifier>{32470f88-4e3d-40ba-87d4-57873b5ca127}</UniqueIdentifier>
    </Filter>
    <Filter Include="SWPacket\Packet\0x05">
      <UniqueIdentifier>{11c3f2fa-39bb-4502-8a05-76681f143cba}</UniqueIdentifier>
    </Filter>
    <Filter Include="SWPacket\Packet\0x06 Combat">
      <UniqueIdentifier>{6fea026e-c34f-4143-9659-e606cf463733}</UniqueIdentifier>
    </Filter>
    <Filter Include="SWPacket\Packet\0x07">
      <UniqueIdentifier>{fa8293a6-d4e0-41ef-9007-a8aff43aea0c}</UniqueIdentifier>
    </Filter>
    <Filter Include="SWPacket\Packet\0x12 Party">
      <UniqueIdentifier>{8a52c1c9-53c2-4467-a722-9343d97ae956}</UniqueIdentifier>
    </Filter>
    <Filter Include="SWSPacket">
      <UniqueIdentifier>{7ab77b79-1128-4b3c-98b9-89786dbdcfa1}</UniqueIdentifier>
    </Filter>
    <Filter Include="SWSPacket\0x06 Combat">
      <UniqueIdentifier>{b3f3088d-8f3a-4d47-8ec1-fa0db1924152}</UniqueIdentifier>
    </Filter>
    <Filter Include="SWPacket\Packet\0x23">
      <UniqueIdentifier>{7f555519-1ef8-4524-ab04-21d92bad646d}</UniqueIdentifier>
    </Filter>
    <Filter Include="SWPacket\Packet\0x22 Guild">
      <UniqueIdentifier>{431c215d-7997-4c5e-8721-8efea686854e}</UniqueIdentifier>
    </Filter>
    <Filter Include="SWPacket\Packet\0x2e Force">
      <UniqueIdentifier>{f911b8c3-fb70-445c-b73c-f1556b202276}</UniqueIdentifier>
    </Filter>
    <Filter Include="SWSPacket\0x01">
      <UniqueIdentifier>{7322b679-2408-48db-bc9d-a6124f8bfc1d}</UniqueIdentifier>
    </Filter>
    <Filter Include="SWCrypt">
      <UniqueIdentifier>{22bb4fe9-2c11-4f33-a0b1-609f858a7e6b}</UniqueIdentifier>
    </Filter>
    <Filter Include="SWPacket\Packet\0x17 Monster">
      <UniqueIdentifier>{0703aa35-35ed-44a9-acc5-9e44e43fc318}</UniqueIdentifier>
    </Filter>
    <Filter Include="PacketCapture\Npcap">
      <UniqueIdentifier>{dcf9be27-94cf-400c-9bec-3277288e8c35}</UniqueIdentifier>
    </Filter>
    <Filter Include="SWPacket\Packet\0x11 Maze">
      <UniqueIdentifier>{45651462-a456-4dfd-8f66-4a71442b2066}</UniqueIdentifier>
    </Filter>
    <Filter Include="SWPacket\Packet\0x08">
      <UniqueIdentifier>{190bfa8f-eb2e-458c-a5e7-8d09b4fd03f5}</UniqueIdentifier>
    </Filter>
    <Filter Include="Damage Meter">
      <UniqueIdentifier>{80ce6a70-681f-4467-a0eb-127456ea6e8a}</UniqueIdentifier>
    </Filter>
    <Filter Include="Damage Meter\SQLite">
      <UniqueIdentifier>{44527f9c-69fc-487a-a30d-a540b023912e}</UniqueIdentifier>
    </Filter>
    <Filter Include="Damage Meter\SWDamageType">
      <UniqueIdentifier>{de70e6bd-958b-4232-8145-be840081ce6f}</UniqueIdentifier>
    </Filter>
    <Filter Include="Damage Meter\Buff Meter">
      <UniqueIdentifier>{0e1b8015-2f51-4434-97a0-aa057ccba788}</UniqueIdentifier>
    </Filter>
    <Filter Include="Damage Meter\History">
      <UniqueIdentifier>{68509aa2-5d39-4f11-ab5a-86562f577bb5}</UniqueIdentifier>
    </Filter>
    <Filter Include="Damage Meter\Combat Meter">
      <UniqueIdentifier>{658c129f-87f4-4757-a778-a9a9eac9ff2d}</UniqueIdentifier>
    </Filter>
  </ItemGroup>
  <ItemGroup>
    <ClInclude Include="pch.h">
      <Filter>PCH</Filter>
    </ClInclude>
    <ClInclude Include="Soulworker Packet\PacketType.h">
      <Filter>SWPacket\헤더 파일</Filter>
    </ClInclude>
    <ClInclude Include="Soulworker Packet\SWPacketMaker.h">
      <Filter>SWPacket\헤더 파일</Filter>
    </ClInclude>
    <ClInclude Include="Util\CriticalSection.h">
      <Filter>Utiliry\헤더 파일</Filter>
    </ClInclude>
    <ClInclude Include="Util\ExceptionHandler.h">
      <Filter>Utiliry\헤더 파일</Filter>
    </ClInclude>
    <ClInclude Include="Util\Log.h">
      <Filter>Utiliry\헤더 파일</Filter>
    </ClInclude>
    <ClInclude Include="Util\MemoryPool.h">
      <Filter>Utiliry\헤더 파일</Filter>
    </ClInclude>
    <ClInclude Include="Util\MultiThreadSync.h">
      <Filter>Utiliry\헤더 파일</Filter>
    </ClInclude>
    <ClInclude Include="Util\Singleton.h">
      <Filter>Utiliry\헤더 파일</Filter>
    </ClInclude>
    <ClInclude Include="Util\Type.h">
      <Filter>Utiliry\헤더 파일</Filter>
    </ClInclude>
    <ClInclude Include="Packet Capture\MyWinDivert.h">
      <Filter>PacketCapture\Windivert</Filter>
    </ClInclude>
    <ClInclude Include="Damage Meter\Damage Meter.h">
      <Filter>Damage Meter</Filter>
    </ClInclude>
    <ClInclude Include="Damage Meter\MySQLite.h">
      <Filter>Damage Meter\SQLite</Filter>
    </ClInclude>
    <ClInclude Include="Damage Meter\SWDamagePlayer.h">
      <Filter>Damage Meter\SWDamageType</Filter>
    </ClInclude>
    <ClInclude Include="Damage Meter\SWDamageMonster.h">
      <Filter>Damage Meter\SWDamageType</Filter>
    </ClInclude>
    <ClInclude Include="Damage Meter\SWDamageSkill.h">
      <Filter>Damage Meter\SWDamageType</Filter>
    </ClInclude>
    <ClInclude Include="Soulworker Packet\SWPacket.h">
      <Filter>SWPacket\Packet</Filter>
    </ClInclude>
    <ClInclude Include="UI\DX11.h">
      <Filter>UI\DirectX11</Filter>
    </ClInclude>
    <ClInclude Include="UI\UiWindow.h">
      <Filter>UI\Window</Filter>
    </ClInclude>
    <ClInclude Include="Damage Meter\Timer.h">
      <Filter>Damage Meter</Filter>
    </ClInclude>
    <ClInclude Include="UI\Option.h">
      <Filter>UI\Window</Filter>
    </ClInclude>
    <ClInclude Include="UI\HotKey.h">
      <Filter>UI\Window</Filter>
    </ClInclude>
    <ClInclude Include="UI\PlayerTable.h">
      <Filter>UI\Window\UI</Filter>
    </ClInclude>
    <ClInclude Include="UI\DX Input.h">
      <Filter>UI\DirectX11</Filter>
    </ClInclude>
    <ClInclude Include="UI\SpecificInfomation.h">
      <Filter>UI\Window\UI</Filter>
    </ClInclude>
    <ClInclude Include="Third Party\imgui\Custom.h">
      <Filter>UI\ImGui</Filter>
    </ClInclude>
    <ClInclude Include="Third Party\imgui\imgui.h">
      <Filter>UI\ImGui</Filter>
    </ClInclude>
    <ClInclude Include="Third Party\imgui\imgui_internal.h">
      <Filter>UI\ImGui</Filter>
    </ClInclude>
    <ClInclude Include="Third Party\imgui\backends\imgui_impl_dx11.h">
      <Filter>UI\ImGui</Filter>
    </ClInclude>
    <ClInclude Include="Third Party\imgui\backends\imgui_impl_win32.h">
      <Filter>UI\ImGui</Filter>
    </ClInclude>
    <ClInclude Include="Third Party\tinyxml2\tinyxml2.h">
      <Filter>tinyxml2</Filter>
    </ClInclude>
    <ClInclude Include="Buff Meter\Buff Meter.h">
      <Filter>Damage Meter\Buff Meter</Filter>
    </ClInclude>
    <ClInclude Include="Buff Meter\Buff.h">
      <Filter>Damage Meter\Buff Meter</Filter>
    </ClInclude>
    <ClInclude Include="Soulworker Packet\PacketInfo.h">
      <Filter>SWPacket\헤더 파일</Filter>
    </ClInclude>
    <ClInclude Include="Soulworker Packet\SWPacketDamage.h">
      <Filter>SWPacket\Packet\0x06 Combat</Filter>
    </ClInclude>
    <ClInclude Include="Soulworker Packet\SWPacketBuffOut.h">
      <Filter>SWPacket\Packet\0x06 Combat</Filter>
    </ClInclude>
    <ClInclude Include="Soulworker Packet\SWPacketBuffIn.h">
      <Filter>SWPacket\Packet\0x06 Combat</Filter>
    </ClInclude>
    <ClInclude Include="Soulworker Packet\SWPacketAkasic.h">
      <Filter>SWPacket\Packet\0x06 Combat</Filter>
    </ClInclude>
    <ClInclude Include="Soulworker Packet\SWPacketParty.h">
      <Filter>SWPacket\Packet\0x12 Party</Filter>
    </ClInclude>
    <ClInclude Include="Soulworker Packet\SWPacketWorldChange.h">
      <Filter>SWPacket\Packet\0x04 World</Filter>
    </ClInclude>
    <ClInclude Include="Soulworker Packet\SWPacketMazeStart.h">
      <Filter>SWPacket\Packet\0x04 World</Filter>
    </ClInclude>
    <ClInclude Include="Soulworker Packet\SWPacketStatChange.h">
      <Filter>SWPacket\Packet\0x03</Filter>
    </ClInclude>
    <ClInclude Include="Soulworker Packet\SWPacketInInfoMonster.h">
      <Filter>SWPacket\Packet\0x04 World</Filter>
    </ClInclude>
    <ClInclude Include="Soulworker Packet\SWPacketChat.h">
      <Filter>SWPacket\Packet\0x07</Filter>
    </ClInclude>
    <ClInclude Include="resource.h">
      <Filter>헤더 파일</Filter>
    </ClInclude>
    <ClInclude Include="Soulworker Packet\SWSPacket.h">
      <Filter>SWSPacket</Filter>
    </ClInclude>
    <ClInclude Include="Soulworker Packet\SWPacketCooldown.h">
      <Filter>SWPacket\Packet\0x06 Combat</Filter>
    </ClInclude>
    <ClInclude Include="Soulworker Packet\SWPacketUseSkill.h">
      <Filter>SWPacket\Packet\0x06 Combat</Filter>
    </ClInclude>
    <ClInclude Include="Soulworker Packet\SWPacketStartMove.h">
      <Filter>SWPacket\Packet\0x05</Filter>
    </ClInclude>
    <ClInclude Include="Soulworker Packet\SWPacketOtherUseSkill.h">
      <Filter>SWPacket\Packet\0x06 Combat</Filter>
    </ClInclude>
    <ClInclude Include="UI\PlotWindow.h">
      <Filter>UI\Window</Filter>
    </ClInclude>
    <ClInclude Include="Third Party\imgui\implot.h">
      <Filter>UI\ImGui</Filter>
    </ClInclude>
    <ClInclude Include="Third Party\imgui\implot_internal.h">
      <Filter>UI\ImGui</Filter>
    </ClInclude>
    <ClInclude Include="Soulworker Packet\SWSPacketMaker.h">
      <Filter>SWSPacket</Filter>
    </ClInclude>
    <ClInclude Include="Soulworker Packet\SWSPacketMySkillUsed.h">
      <Filter>SWSPacket\0x06 Combat</Filter>
    </ClInclude>
    <ClInclude Include="Soulworker Packet\SWPacketSpawnedCharInfo.h">
      <Filter>SWPacket\Packet\0x04 World</Filter>
    </ClInclude>
    <ClInclude Include="Soulworker Packet\SWPacketHeartbeat.h">
      <Filter>SWPacket\Packet\0x01</Filter>
    </ClInclude>
    <ClInclude Include="Soulworker Packet\SWPacketGestureUsed.h">
      <Filter>SWPacket\Packet\0x23</Filter>
    </ClInclude>
    <ClInclude Include="Soulworker Packet\SWPacketPartyListInfo.h">
      <Filter>SWPacket\Packet\0x12 Party</Filter>
    </ClInclude>
    <ClInclude Include="UI\MinimapTab.h">
      <Filter>UI\Window</Filter>
    </ClInclude>
    <ClInclude Include="Soulworker Packet\SWPacketAggroChanged.h">
      <Filter>SWPacket\Packet\0x17 Monster</Filter>
    </ClInclude>
    <ClInclude Include="Soulworker Packet\SWPacketMonsterKilled.h">
      <Filter>SWPacket\Packet\0x17 Monster</Filter>
    </ClInclude>
    <ClInclude Include="Soulworker Packet\SWSPacketMyDodgeUsed.h">
      <Filter>SWSPacket\0x06 Combat</Filter>
    </ClInclude>
    <ClInclude Include="Soulworker Packet\SWPacketDead.h">
      <Filter>SWPacket\Packet\0x03</Filter>
    </ClInclude>
    <ClInclude Include="Soulworker Packet\SWSPacketHeartbeat.h">
      <Filter>SWSPacket\0x01</Filter>
    </ClInclude>
    <ClInclude Include="Soulworker Packet\SWPacketOtherInfosMonster.h">
      <Filter>SWPacket\Packet\0x04 World</Filter>
    </ClInclude>
    <ClInclude Include="Soulworker Packet\SWPacketMonsterStatUpdate.h">
      <Filter>SWPacket\Packet\0x17 Monster</Filter>
    </ClInclude>
    <ClInclude Include="Damage Meter\MonsterList.h">
      <Filter>Damage Meter</Filter>
    </ClInclude>
    <ClInclude Include="Language\Language.h">
      <Filter>Language</Filter>
    </ClInclude>
    <ClInclude Include="Packet Capture\PacketParser.h">
      <Filter>PacketCapture</Filter>
    </ClInclude>
    <ClInclude Include="Packet Capture\PacketCapture.h">
      <Filter>PacketCapture</Filter>
    </ClInclude>
    <ClInclude Include="Packet Capture\MyNpcap.h">
      <Filter>PacketCapture\Npcap</Filter>
    </ClInclude>
    <ClInclude Include="Soulworker Packet\SWPacketCharacterUpdateSpecialOptionList.h">
      <Filter>SWPacket\Packet\0x03</Filter>
    </ClInclude>
    <ClInclude Include="Soulworker Packet\SWPacketMazeEnd.h">
      <Filter>SWPacket\Packet\0x11 Maze</Filter>
    </ClInclude>
    <ClInclude Include="Soulworker Packet\SWPacketMazeUpdateState.h">
      <Filter>SWPacket\Packet\0x11 Maze</Filter>
    </ClInclude>
    <ClInclude Include="Damage Meter\MapList.h">
      <Filter>Damage Meter</Filter>
    </ClInclude>
    <ClInclude Include="SWCrypt\SWCryptDLL.h">
      <Filter>SWCrypt</Filter>
    </ClInclude>
    <ClInclude Include="Third Party\http\httplib.h">
      <Filter>Utiliry\헤더 파일</Filter>
    </ClInclude>
    <ClInclude Include="Damage Meter\FlatBufferUtil.h">
      <Filter>헤더 파일</Filter>
    </ClInclude>
    <ClInclude Include="Damage Meter\History.h">
      <Filter>Damage Meter\History</Filter>
    </ClInclude>
    <ClInclude Include="Damage Meter\SaveData.h">
      <Filter>Damage Meter\History</Filter>
    </ClInclude>
    <ClInclude Include="Third Party\imgui\imgui_filedialog.h">
      <Filter>UI\ImGui</Filter>
    </ClInclude>
    <ClInclude Include="Combat Meter\CombatMeter.h">
      <Filter>Damage Meter\Combat Meter</Filter>
    </ClInclude>
    <ClInclude Include="UI\UtillWindow.h">
      <Filter>UI\Window</Filter>
    </ClInclude>
    <ClInclude Include="Combat Meter\Combat.h">
      <Filter>Damage Meter\Combat Meter</Filter>
    </ClInclude>
    <ClInclude Include="Soulworker Packet\SWPacketBigParty.h">
      <Filter>SWPacket\Packet\0x2e Force</Filter>
    </ClInclude>
    <ClInclude Include="Soulworker Packet\SWPacketEnterAnimation.h">
      <Filter>SWPacket\Packet\0x05</Filter>
    </ClInclude>
    <ClInclude Include="SWConfig.h">
      <Filter>PCH</Filter>
    </ClInclude>
    <ClInclude Include="Soulworker Packet\SWPacketBrooch.h">
      <Filter>SWPacket\Packet\0x08</Filter>
    </ClInclude>
    <ClInclude Include="Soulworker Packet\SWPacketSquad.h">
      <Filter>SWPacket\Packet\0x12 Party</Filter>
    </ClInclude>
    <ClInclude Include="UI\ModalWindow.h">
      <Filter>UI\Window\UI</Filter>
    </ClInclude>
  </ItemGroup>
  <ItemGroup>
    <ClCompile Include="main.cpp">
      <Filter>소스 파일</Filter>
    </ClCompile>
    <ClCompile Include="pch.cpp">
      <Filter>PCH</Filter>
    </ClCompile>
    <ClCompile Include="Soulworker Packet\SWPacketMaker.cpp">
      <Filter>SWPacket\소스 파일</Filter>
    </ClCompile>
    <ClCompile Include="Util\CriticalSection.cpp">
      <Filter>Utiliry\소스 파일</Filter>
    </ClCompile>
    <ClCompile Include="Util\ExceptionHandler.cpp">
      <Filter>Utiliry\소스 파일</Filter>
    </ClCompile>
    <ClCompile Include="Util\Log.cpp">
      <Filter>Utiliry\소스 파일</Filter>
    </ClCompile>
    <ClCompile Include="Util\MemoryPool.cpp">
      <Filter>Utiliry\소스 파일</Filter>
    </ClCompile>
    <ClCompile Include="Util\MultiThreadSync.cpp">
      <Filter>Utiliry\소스 파일</Filter>
    </ClCompile>
    <ClCompile Include="Util\Type.cpp">
      <Filter>Utiliry\소스 파일</Filter>
    </ClCompile>
    <ClCompile Include="Packet Capture\MyWinDivert.cpp">
      <Filter>PacketCapture\Windivert</Filter>
    </ClCompile>
    <ClCompile Include="Damage Meter\Damage Meter.cpp">
      <Filter>Damage Meter</Filter>
    </ClCompile>
    <ClCompile Include="Damage Meter\MySQLite.cpp">
      <Filter>Damage Meter\SQLite</Filter>
    </ClCompile>
    <ClCompile Include="Damage Meter\SWDamagePlayer.cpp">
      <Filter>Damage Meter\SWDamageType</Filter>
    </ClCompile>
    <ClCompile Include="Damage Meter\SWDamageMonster.cpp">
      <Filter>Damage Meter\SWDamageType</Filter>
    </ClCompile>
    <ClCompile Include="Damage Meter\SWDamageSkill.cpp">
      <Filter>Damage Meter\SWDamageType</Filter>
    </ClCompile>
    <ClCompile Include="Soulworker Packet\SWPacket.cpp">
      <Filter>SWPacket\Packet</Filter>
    </ClCompile>
    <ClCompile Include="UI\DX11.cpp">
      <Filter>UI\DirectX11</Filter>
    </ClCompile>
    <ClCompile Include="UI\UiWindow.cpp">
      <Filter>UI\Window</Filter>
    </ClCompile>
    <ClCompile Include="Damage Meter\Timer.cpp">
      <Filter>Damage Meter</Filter>
    </ClCompile>
    <ClCompile Include="UI\Option.cpp">
      <Filter>UI\Window</Filter>
    </ClCompile>
    <ClCompile Include="UI\HotKey.cpp">
      <Filter>UI\Window</Filter>
    </ClCompile>
    <ClCompile Include="UI\PlayerTable.cpp">
      <Filter>UI\Window\UI</Filter>
    </ClCompile>
    <ClCompile Include="UI\DX Input.cpp">
      <Filter>UI\DirectX11</Filter>
    </ClCompile>
    <ClCompile Include="UI\SpecificInfomation.cpp">
      <Filter>UI\Window\UI</Filter>
    </ClCompile>
    <ClCompile Include="Third Party\imgui\Custom.cpp">
      <Filter>UI\ImGui</Filter>
    </ClCompile>
    <ClCompile Include="Third Party\imgui\imgui.cpp">
      <Filter>UI\ImGui</Filter>
    </ClCompile>
    <ClCompile Include="Third Party\imgui\imgui_draw.cpp">
      <Filter>UI\ImGui</Filter>
    </ClCompile>
    <ClCompile Include="Third Party\imgui\imgui_tables.cpp">
      <Filter>UI\ImGui</Filter>
    </ClCompile>
    <ClCompile Include="Third Party\imgui\imgui_widgets.cpp">
      <Filter>UI\ImGui</Filter>
    </ClCompile>
    <ClCompile Include="Third Party\imgui\backends\imgui_impl_dx11.cpp">
      <Filter>UI\ImGui</Filter>
    </ClCompile>
    <ClCompile Include="Third Party\imgui\backends\imgui_impl_win32.cpp">
      <Filter>UI\ImGui</Filter>
    </ClCompile>
    <ClCompile Include="Third Party\tinyxml2\tinyxml2.cpp">
      <Filter>tinyxml2</Filter>
    </ClCompile>
    <ClCompile Include="Buff Meter\Buff Meter.cpp">
      <Filter>Damage Meter\Buff Meter</Filter>
    </ClCompile>
    <ClCompile Include="Buff Meter\Buff.cpp">
      <Filter>Damage Meter\Buff Meter</Filter>
    </ClCompile>
    <ClCompile Include="Soulworker Packet\SWPacketDamage.cpp">
      <Filter>SWPacket\Packet\0x06 Combat</Filter>
    </ClCompile>
    <ClCompile Include="Soulworker Packet\SWPacketBuffOut.cpp">
      <Filter>SWPacket\Packet\0x06 Combat</Filter>
    </ClCompile>
    <ClCompile Include="Soulworker Packet\SWPacketBuffIn.cpp">
      <Filter>SWPacket\Packet\0x06 Combat</Filter>
    </ClCompile>
    <ClCompile Include="Soulworker Packet\SWPacketAkasic.cpp">
      <Filter>SWPacket\Packet\0x06 Combat</Filter>
    </ClCompile>
    <ClCompile Include="Soulworker Packet\SWPacketParty.cpp">
      <Filter>SWPacket\Packet\0x12 Party</Filter>
    </ClCompile>
    <ClCompile Include="Soulworker Packet\SWPacketWorldChange.cpp">
      <Filter>SWPacket\Packet\0x04 World</Filter>
    </ClCompile>
    <ClCompile Include="Soulworker Packet\SWPacketMazeStart.cpp">
      <Filter>SWPacket\Packet\0x04 World</Filter>
    </ClCompile>
    <ClCompile Include="Soulworker Packet\SWPacketStatChange.cpp">
      <Filter>SWPacket\Packet\0x03</Filter>
    </ClCompile>
    <ClCompile Include="Soulworker Packet\SWPacketInInfoMonster.cpp">
      <Filter>SWPacket\Packet\0x04 World</Filter>
    </ClCompile>
    <ClCompile Include="Soulworker Packet\SWPacketChat.cpp">
      <Filter>SWPacket\Packet\0x07</Filter>
    </ClCompile>
    <ClCompile Include="Soulworker Packet\SWSPacket.cpp">
      <Filter>SWSPacket</Filter>
    </ClCompile>
    <ClCompile Include="Soulworker Packet\SWPacketCooldown.cpp">
      <Filter>SWPacket\Packet\0x06 Combat</Filter>
    </ClCompile>
    <ClCompile Include="Soulworker Packet\SWPacketUseSkill.cpp">
      <Filter>SWPacket\Packet\0x06 Combat</Filter>
    </ClCompile>
    <ClCompile Include="Soulworker Packet\SWPacketStartMove.cpp">
      <Filter>SWPacket\Packet\0x05</Filter>
    </ClCompile>
    <ClCompile Include="Soulworker Packet\SWPacketOtherUseSkill.cpp">
      <Filter>SWPacket\Packet\0x06 Combat</Filter>
    </ClCompile>
    <ClCompile Include="UI\PlotWindow.cpp">
      <Filter>UI\Window</Filter>
    </ClCompile>
    <ClCompile Include="Third Party\imgui\implot.cpp">
      <Filter>UI\ImGui</Filter>
    </ClCompile>
    <ClCompile Include="Third Party\imgui\implot_items.cpp">
      <Filter>UI\ImGui</Filter>
    </ClCompile>
    <ClCompile Include="Soulworker Packet\SWSPacketMaker.cpp">
      <Filter>SWSPacket</Filter>
    </ClCompile>
    <ClCompile Include="Soulworker Packet\SWSPacketMySkillUsed.cpp">
      <Filter>SWSPacket\0x06 Combat</Filter>
    </ClCompile>
    <ClCompile Include="Soulworker Packet\SWPacketSpawnedCharInfo.cpp">
      <Filter>SWPacket\Packet\0x04 World</Filter>
    </ClCompile>
    <ClCompile Include="Soulworker Packet\SWPacketHeartbeat.cpp">
      <Filter>SWPacket\Packet\0x01</Filter>
    </ClCompile>
    <ClCompile Include="Soulworker Packet\SWPacketGestureUsed.cpp">
      <Filter>SWPacket\Packet\0x23</Filter>
    </ClCompile>
    <ClCompile Include="Soulworker Packet\SWPacketPartyListInfo.cpp">
      <Filter>SWPacket\Packet\0x12 Party</Filter>
    </ClCompile>
    <ClCompile Include="UI\MinimapTab.cpp">
      <Filter>UI\Window</Filter>
    </ClCompile>
    <ClCompile Include="Soulworker Packet\SWPacketAggroChanged.cpp">
      <Filter>SWPacket\Packet\0x17 Monster</Filter>
    </ClCompile>
    <ClCompile Include="Soulworker Packet\SWPacketMonsterKilled.cpp">
      <Filter>SWPacket\Packet\0x17 Monster</Filter>
    </ClCompile>
    <ClCompile Include="Soulworker Packet\SWSPacketMyDodgeUsed.cpp">
      <Filter>SWSPacket\0x06 Combat</Filter>
    </ClCompile>
    <ClCompile Include="Soulworker Packet\SWPacketDead.cpp">
      <Filter>SWPacket\Packet\0x03</Filter>
    </ClCompile>
    <ClCompile Include="Soulworker Packet\SWSPacketHeartbeat.cpp">
      <Filter>SWSPacket\0x01</Filter>
    </ClCompile>
    <ClCompile Include="Soulworker Packet\SWPacketOtherInfosMonster.cpp">
      <Filter>SWPacket\Packet\0x04 World</Filter>
    </ClCompile>
    <ClCompile Include="Soulworker Packet\SWPacketMonsterStatUpdate.cpp">
      <Filter>SWPacket\Packet\0x17 Monster</Filter>
    </ClCompile>
    <ClCompile Include="Language\Language.cpp">
      <Filter>Language</Filter>
    </ClCompile>
    <ClCompile Include="Packet Capture\PacketParser.cpp">
      <Filter>PacketCapture</Filter>
    </ClCompile>
    <ClCompile Include="Packet Capture\PacketCapture.cpp">
      <Filter>PacketCapture</Filter>
    </ClCompile>
    <ClCompile Include="Packet Capture\MyNpcap.cpp">
      <Filter>PacketCapture\Npcap</Filter>
    </ClCompile>
    <ClCompile Include="Soulworker Packet\SWPacketCharacterUpdateSpecialOptionList.cpp">
      <Filter>SWPacket\Packet\0x03</Filter>
    </ClCompile>
    <ClCompile Include="Soulworker Packet\SWPacketMazeEnd.cpp">
      <Filter>SWPacket\Packet\0x11 Maze</Filter>
    </ClCompile>
    <ClCompile Include="Soulworker Packet\SWPacketMazeUpdateState.cpp">
      <Filter>SWPacket\Packet\0x11 Maze</Filter>
    </ClCompile>
    <ClCompile Include="Damage Meter\History.cpp">
      <Filter>Damage Meter\History</Filter>
    </ClCompile>
    <ClCompile Include="Damage Meter\SaveData.cpp">
      <Filter>Damage Meter\History</Filter>
    </ClCompile>
    <ClCompile Include="Combat Meter\CombatMeter.cpp">
      <Filter>Damage Meter\Combat Meter</Filter>
    </ClCompile>
    <ClCompile Include="UI\UtillWindow.cpp">
      <Filter>UI\Window</Filter>
    </ClCompile>
    <ClCompile Include="Combat Meter\Combat.cpp">
      <Filter>Damage Meter\Combat Meter</Filter>
    </ClCompile>
    <ClCompile Include="Soulworker Packet\SWPacketBigParty.cpp">
      <Filter>SWPacket\Packet\0x2e Force</Filter>
    </ClCompile>
    <ClCompile Include="Soulworker Packet\SWPacketEnterAnimation.cpp">
      <Filter>SWPacket\Packet\0x05</Filter>
    </ClCompile>
    <ClCompile Include="Soulworker Packet\SWPacketBrooch.cpp">
      <Filter>SWPacket\Packet\0x08</Filter>
    </ClCompile>
    <ClCompile Include="Soulworker Packet\SWPacketSquad.cpp">
      <Filter>SWPacket\Packet\0x12 Party</Filter>
    </ClCompile>
    <ClCompile Include="Third Party\imgui\imgui_filedialog.cpp">
      <Filter>UI\ImGui</Filter>
    </ClCompile>
    <ClCompile Include="UI\ModalWindow.cpp">
      <Filter>UI\Window\UI</Filter>
    </ClCompile>
  </ItemGroup>
  <ItemGroup>
    <ResourceCompile Include="Soulworker Utility.rc">
      <Filter>리소스 파일</Filter>
    </ResourceCompile>
  </ItemGroup>
  <ItemGroup>
    <Image Include="meter_icon_1.ico">
      <Filter>리소스 파일</Filter>
    </Image>
  </ItemGroup>
</Project>